
Microsoft Visual Studio Solution File, Format Version 12.00
# Visual Studio 2015
Project("{FAE04EC0-301F-11D3-BF4B-00C04F79EFBC}") = "Voice Command", "Voice Command.csproj", "{8A04B781-FCB1-DBF7-FA35-F0183E2A66D1}"
EndProject
Global
	GlobalSection(SolutionConfigurationPlatforms) = preSolution
		Debug|Any CPU = Debug|Any CPU
		Release|Any CPU = Release|Any CPU
	EndGlobalSection
	GlobalSection(ProjectConfigurationPlatforms) = postSolution
		{8A04B781-FCB1-DBF7-FA35-F0183E2A66D1}.Debug|Any CPU.ActiveCfg = Debug|Any CPU
		{8A04B781-FCB1-DBF7-FA35-F0183E2A66D1}.Debug|Any CPU.Build.0 = Debug|Any CPU
		{8A04B781-FCB1-DBF7-FA35-F0183E2A66D1}.Release|Any CPU.ActiveCfg = Release|Any CPU
		{8A04B781-FCB1-DBF7-FA35-F0183E2A66D1}.Release|Any CPU.Build.0 = Release|Any CPU
	EndGlobalSection
	GlobalSection(SolutionProperties) = preSolution
		HideSolutionNode = FALSE
	EndGlobalSection
EndGlobal
